
Microsoft Visual Studio Solution File, Format Version 12.00
# Visual Studio Version 17
VisualStudioVersion = 17.14.36603.0 d17.14
MinimumVisualStudioVersion = 10.0.40219.1
Project("{FAE04EC0-301F-11D3-BF4B-00C04F79EFBC}") = "HttpDownloaderApp", "HttpDownloaderApp\HttpDownloaderApp.csproj", "{9F1E6164-C249-4391-BBCD-F4AC4F48F3AA}"
EndProject
Global
	GlobalSection(SolutionConfigurationPlatforms) = preSolution
		Debug|Any CPU = Debug|Any CPU
		Release|Any CPU = Release|Any CPU
	EndGlobalSection
	GlobalSection(ProjectConfigurationPlatforms) = postSolution
		{9F1E6164-C249-4391-BBCD-F4AC4F48F3AA}.Debug|Any CPU.ActiveCfg = Debug|Any CPU
		{9F1E6164-C249-4391-BBCD-F4AC4F48F3AA}.Debug|Any CPU.Build.0 = Debug|Any CPU
		{9F1E6164-C249-4391-BBCD-F4AC4F48F3AA}.Release|Any CPU.ActiveCfg = Release|Any CPU
		{9F1E6164-C249-4391-BBCD-F4AC4F48F3AA}.Release|Any CPU.Build.0 = Release|Any CPU
	EndGlobalSection
	GlobalSection(SolutionProperties) = preSolution
		HideSolutionNode = FALSE
	EndGlobalSection
	GlobalSection(ExtensibilityGlobals) = postSolution
		SolutionGuid = {44445FCF-E017-449A-8B12-32E180AC6E2B}
	EndGlobalSection
EndGlobal
